
Microsoft Visual Studio Solution File, Format Version 12.00
Project("{FAE04EC0-301F-11D3-BF4B-00C04F79EFBC}") = "SeleniumTests", "SeleniumTests\SeleniumTests.csproj", "{3CBE2694-79FB-4B7E-99DE-BB013E87A824}"
EndProject
Global
	GlobalSection(SolutionConfigurationPlatforms) = preSolution
		Debug|Any CPU = Debug|Any CPU
		Release|Any CPU = Release|Any CPU
	EndGlobalSection
	GlobalSection(ProjectConfigurationPlatforms) = postSolution
		{3CBE2694-79FB-4B7E-99DE-BB013E87A824}.Debug|Any CPU.ActiveCfg = Debug|Any CPU
		{3CBE2694-79FB-4B7E-99DE-BB013E87A824}.Debug|Any CPU.Build.0 = Debug|Any CPU
		{3CBE2694-79FB-4B7E-99DE-BB013E87A824}.Release|Any CPU.ActiveCfg = Release|Any CPU
		{3CBE2694-79FB-4B7E-99DE-BB013E87A824}.Release|Any CPU.Build.0 = Release|Any CPU
	EndGlobalSection
EndGlobal
